// !$*UTF8*$!
{
	archiveVersion = 1;
	classes = {
	};
	objectVersion = 50;
	objects = {

/* Begin PBXBuildFile section */
		AA864E3926773656002D2FBC /* APODService.swift in Sources */ = {isa = PBXBuildFile; fileRef = AA864E3826773656002D2FBC /* APODService.swift */; };
		AA91799126785A7700E694C9 /* APOD.swift in Sources */ = {isa = PBXBuildFile; fileRef = AA91799026785A7700E694C9 /* APOD.swift */; };
		AABE3D7026748DE3001A5000 /* APIKey.swift in Sources */ = {isa = PBXBuildFile; fileRef = AABE3D6F26748DE3001A5000 /* APIKey.swift */; };
		AAEED1D3266EBDF60066662E /* AppDelegate.swift in Sources */ = {isa = PBXBuildFile; fileRef = AAEED1D2266EBDF60066662E /* AppDelegate.swift */; };
		AAEED1D5266EBDF60066662E /* SceneDelegate.swift in Sources */ = {isa = PBXBuildFile; fileRef = AAEED1D4266EBDF60066662E /* SceneDelegate.swift */; };
		AAEED1D7266EBDF60066662E /* HomeViewController.swift in Sources */ = {isa = PBXBuildFile; fileRef = AAEED1D6266EBDF60066662E /* HomeViewController.swift */; };
		AAEED1DA266EBDF60066662E /* Main.storyboard in Resources */ = {isa = PBXBuildFile; fileRef = AAEED1D8266EBDF60066662E /* Main.storyboard */; };
		AAEED1DC266EBDF70066662E /* Assets.xcassets in Resources */ = {isa = PBXBuildFile; fileRef = AAEED1DB266EBDF70066662E /* Assets.xcassets */; };
		AAEED1DF266EBDF70066662E /* LaunchScreen.storyboard in Resources */ = {isa = PBXBuildFile; fileRef = AAEED1DD266EBDF70066662E /* LaunchScreen.storyboard */; };
/* End PBXBuildFile section */

/* Begin PBXFileReference section */
		AA864E3826773656002D2FBC /* APODService.swift */ = {isa = PBXFileReference; lastKnownFileType = sourcecode.swift; path = APODService.swift; sourceTree = "<group>"; };
		AA91799026785A7700E694C9 /* APOD.swift */ = {isa = PBXFileReference; lastKnownFileType = sourcecode.swift; path = APOD.swift; sourceTree = "<group>"; };
		AABE3D6F26748DE3001A5000 /* APIKey.swift */ = {isa = PBXFileReference; lastKnownFileType = sourcecode.swift; path = APIKey.swift; sourceTree = "<group>"; };
		AAEED1CF266EBDF60066662E /* Andromeda.app */ = {isa = PBXFileReference; explicitFileType = wrapper.application; includeInIndex = 0; path = Andromeda.app; sourceTree = BUILT_PRODUCTS_DIR; };
		AAEED1D2266EBDF60066662E /* AppDelegate.swift */ = {isa = PBXFileReference; lastKnownFileType = sourcecode.swift; path = AppDelegate.swift; sourceTree = "<group>"; };
		AAEED1D4266EBDF60066662E /* SceneDelegate.swift */ = {isa = PBXFileReference; lastKnownFileType = sourcecode.swift; path = SceneDelegate.swift; sourceTree = "<group>"; };
		AAEED1D6266EBDF60066662E /* HomeViewController.swift */ = {isa = PBXFileReference; lastKnownFileType = sourcecode.swift; path = HomeViewController.swift; sourceTree = "<group>"; };
		AAEED1D9266EBDF60066662E /* Base */ = {isa = PBXFileReference; lastKnownFileType = file.storyboard; name = Base; path = Base.lproj/Main.storyboard; sourceTree = "<group>"; };
		AAEED1DB266EBDF70066662E /* Assets.xcassets */ = {isa = PBXFileReference; lastKnownFileType = folder.assetcatalog; path = Assets.xcassets; sourceTree = "<group>"; };
		AAEED1DE266EBDF70066662E /* Base */ = {isa = PBXFileReference; lastKnownFileType = file.storyboard; name = Base; path = Base.lproj/LaunchScreen.storyboard; sourceTree = "<group>"; };
		AAEED1E0266EBDF70066662E /* Info.plist */ = {isa = PBXFileReference; lastKnownFileType = text.plist.xml; path = Info.plist; sourceTree = "<group>"; };
/* End PBXFileReference section */

/* Begin PBXFrameworksBuildPhase section */
		AAEED1CC266EBDF60066662E /* Frameworks */ = {
			isa = PBXFrameworksBuildPhase;
			buildActionMask = 2147483647;
			files = (
			);
			runOnlyForDeploymentPostprocessing = 0;
		};
/* End PBXFrameworksBuildPhase section */

/* Begin PBXGroup section */
		AA864E3726773596002D2FBC /* Networking */ = {
			isa = PBXGroup;
			children = (
				AABE3D6F26748DE3001A5000 /* APIKey.swift */,
				AA864E3826773656002D2FBC /* APODService.swift */,
			);
			path = Networking;
			sourceTree = "<group>";
		};
		AA864E3A267739B3002D2FBC /* Models */ = {
			isa = PBXGroup;
			children = (
				AA91799026785A7700E694C9 /* APOD.swift */,
			);
			path = Models;
			sourceTree = "<group>";
		};
		AA864E3B267739BC002D2FBC /* Controllers */ = {
			isa = PBXGroup;
			children = (
				AAEED1D6266EBDF60066662E /* HomeViewController.swift */,
			);
			path = Controllers;
			sourceTree = "<group>";
		};
		AA864E3C267739C2002D2FBC /* Views */ = {
			isa = PBXGroup;
			children = (
				AAEED1D8266EBDF60066662E /* Main.storyboard */,
			);
			path = Views;
			sourceTree = "<group>";
		};
		AAEED1C6266EBDF60066662E = {
			isa = PBXGroup;
			children = (
				AAEED1D1266EBDF60066662E /* Andromeda */,
				AAEED1D0266EBDF60066662E /* Products */,
			);
			sourceTree = "<group>";
		};
		AAEED1D0266EBDF60066662E /* Products */ = {
			isa = PBXGroup;
			children = (
				AAEED1CF266EBDF60066662E /* Andromeda.app */,
			);
			name = Products;
			sourceTree = "<group>";
		};
		AAEED1D1266EBDF60066662E /* Andromeda */ = {
			isa = PBXGroup;
			children = (
				AA864E3A267739B3002D2FBC /* Models */,
				AA864E3C267739C2002D2FBC /* Views */,
				AA864E3B267739BC002D2FBC /* Controllers */,
				AA864E3726773596002D2FBC /* Networking */,
				AAEED1D2266EBDF60066662E /* AppDelegate.swift */,
				AAEED1D4266EBDF60066662E /* SceneDelegate.swift */,
				AAEED1DB266EBDF70066662E /* Assets.xcassets */,
				AAEED1DD266EBDF70066662E /* LaunchScreen.storyboard */,
				AAEED1E0266EBDF70066662E /* Info.plist */,
			);
			path = Andromeda;
			sourceTree = "<group>";
		};
/* End PBXGroup section */

/* Begin PBXNativeTarget section */
		AAEED1CE266EBDF60066662E /* Andromeda */ = {
			isa = PBXNativeTarget;
			buildConfigurationList = AAEED1E3266EBDF70066662E /* Build configuration list for PBXNativeTarget "Andromeda" */;
			buildPhases = (
				AAEED1CB266EBDF60066662E /* Sources */,
				AAEED1CC266EBDF60066662E /* Frameworks */,
				AAEED1CD266EBDF60066662E /* Resources */,
			);
			buildRules = (
			);
			dependencies = (
			);
			name = Andromeda;
			productName = Andromeda;
			productReference = AAEED1CF266EBDF60066662E /* Andromeda.app */;
			productType = "com.apple.product-type.application";
		};
/* End PBXNativeTarget section */

/* Begin PBXProject section */
		AAEED1C7266EBDF60066662E /* Project object */ = {
			isa = PBXProject;
			attributes = {
				LastSwiftUpdateCheck = 1250;
				LastUpgradeCheck = 1250;
				TargetAttributes = {
					AAEED1CE266EBDF60066662E = {
						CreatedOnToolsVersion = 12.5;
					};
				};
			};
			buildConfigurationList = AAEED1CA266EBDF60066662E /* Build configuration list for PBXProject "Andromeda" */;
			compatibilityVersion = "Xcode 9.3";
			developmentRegion = en;
			hasScannedForEncodings = 0;
			knownRegions = (
				en,
				Base,
			);
			mainGroup = AAEED1C6266EBDF60066662E;
			productRefGroup = AAEED1D0266EBDF60066662E /* Products */;
			projectDirPath = "";
			projectRoot = "";
			targets = (
				AAEED1CE266EBDF60066662E /* Andromeda */,
			);
		};
/* End PBXProject section */

/* Begin PBXResourcesBuildPhase section */
		AAEED1CD266EBDF60066662E /* Resources */ = {
			isa = PBXResourcesBuildPhase;
			buildActionMask = 2147483647;
			files = (
				AAEED1DF266EBDF70066662E /* LaunchScreen.storyboard in Resources */,
				AAEED1DC266EBDF70066662E /* Assets.xcassets in Resources */,
				AAEED1DA266EBDF60066662E /* Main.storyboard in Resources */,
			);
			runOnlyForDeploymentPostprocessing = 0;
		};
/* End PBXResourcesBuildPhase section */

/* Begin PBXSourcesBuildPhase section */
		AAEED1CB266EBDF60066662E /* Sources */ = {
			isa = PBXSourcesBuildPhase;
			buildActionMask = 2147483647;
			files = (
				AAEED1D7266EBDF60066662E /* HomeViewController.swift in Sources */,
				AA91799126785A7700E694C9 /* APOD.swift in Sources */,
				AAEED1D3266EBDF60066662E /* AppDelegate.swift in Sources */,
				AA864E3926773656002D2FBC /* APODService.swift in Sources */,
				AABE3D7026748DE3001A5000 /* APIKey.swift in Sources */,
				AAEED1D5266EBDF60066662E /* SceneDelegate.swift in Sources */,
			);
			runOnlyForDeploymentPostprocessing = 0;
		};
/* End PBXSourcesBuildPhase section */

/* Begin PBXVariantGroup section */
		AAEED1D8266EBDF60066662E /* Main.storyboard */ = {
			isa = PBXVariantGroup;
			children = (
				AAEED1D9266EBDF60066662E /* Base */,
			);
			name = Main.storyboard;
			sourceTree = "<group>";
		};
		AAEED1DD266EBDF70066662E /* LaunchScreen.storyboard */ = {
			isa = PBXVariantGroup;
			children = (
				AAEED1DE266EBDF70066662E /* Base */,
			);
			name = LaunchScreen.storyboard;
			sourceTree = "<group>";
		};
/* End PBXVariantGroup section */

/* Begin XCBuildConfiguration section */
		AAEED1E1266EBDF70066662E /* Debug */ = {
			isa = XCBuildConfiguration;
			buildSettings = {
				ALWAYS_SEARCH_USER_PATHS = NO;
				CLANG_ANALYZER_NONNULL = YES;
				CLANG_ANALYZER_NUMBER_OBJECT_CONVERSION = YES_AGGRESSIVE;
				CLANG_CXX_LANGUAGE_STANDARD = "gnu++14";
				CLANG_CXX_LIBRARY = "libc++";
				CLANG_ENABLE_MODULES = YES;
				CLANG_ENABLE_OBJC_ARC = YES;
				CLANG_ENABLE_OBJC_WEAK = YES;
				CLANG_WARN_BLOCK_CAPTURE_AUTORELEASING = YES;
				CLANG_WARN_BOOL_CONVERSION = YES;
				CLANG_WARN_COMMA = YES;
				CLANG_WARN_CONSTANT_CONVERSION = YES;
				CLANG_WARN_DEPRECATED_OBJC_IMPLEMENTATIONS = YES;
				CLANG_WARN_DIRECT_OBJC_ISA_USAGE = YES_ERROR;
				CLANG_WARN_DOCUMENTATION_COMMENTS = YES;
				CLANG_WARN_EMPTY_BODY = YES;
				CLANG_WARN_ENUM_CONVERSION = YES;
				CLANG_WARN_INFINITE_RECURSION = YES;
				CLANG_WARN_INT_CONVERSION = YES;
				CLANG_WARN_NON_LITERAL_NULL_CONVERSION = YES;
				CLANG_WARN_OBJC_IMPLICIT_RETAIN_SELF = YES;
				CLANG_WARN_OBJC_LITERAL_CONVERSION = YES;
				CLANG_WARN_OBJC_ROOT_CLASS = YES_ERROR;
				CLANG_WARN_QUOTED_INCLUDE_IN_FRAMEWORK_HEADER = YES;
				CLANG_WARN_RANGE_LOOP_ANALYSIS = YES;
				CLANG_WARN_STRICT_PROTOTYPES = YES;
				CLANG_WARN_SUSPICIOUS_MOVE = YES;
				CLANG_WARN_UNGUARDED_AVAILABILITY = YES_AGGRESSIVE;
				CLANG_WARN_UNREACHABLE_CODE = YES;
				CLANG_WARN__DUPLICATE_METHOD_MATCH = YES;
				COPY_PHASE_STRIP = NO;
				DEBUG_INFORMATION_FORMAT = dwarf;
				ENABLE_STRICT_OBJC_MSGSEND = YES;
				ENABLE_TESTABILITY = YES;
				GCC_C_LANGUAGE_STANDARD = gnu11;
				GCC_DYNAMIC_NO_PIC = NO;
				GCC_NO_COMMON_BLOCKS = YES;
				GCC_OPTIMIZATION_LEVEL = 0;
				GCC_PREPROCESSOR_DEFINITIONS = (
					"DEBUG=1",
					"$(inherited)",
				);
				GCC_WARN_64_TO_32_BIT_CONVERSION = YES;
				GCC_WARN_ABOUT_RETURN_TYPE = YES_ERROR;
				GCC_WARN_UNDECLARED_SELECTOR = YES;
				GCC_WARN_UNINITIALIZED_AUTOS = YES_AGGRESSIVE;
				GCC_WARN_UNUSED_FUNCTION = YES;
				GCC_WARN_UNUSED_VARIABLE = YES;
				IPHONEOS_DEPLOYMENT_TARGET = 14.5;
				MTL_ENABLE_DEBUG_INFO = INCLUDE_SOURCE;
				MTL_FAST_MATH = YES;
				ONLY_ACTIVE_ARCH = YES;
				SDKROOT = iphoneos;
				SWIFT_ACTIVE_COMPILATION_CONDITIONS = DEBUG;
				SWIFT_OPTIMIZATION_LEVEL = "-Onone";
			};
			name = Debug;
		};
		AAEED1E2266EBDF70066662E /* Release */ = {
			isa = XCBuildConfiguration;
			buildSettings = {
				ALWAYS_SEARCH_USER_PATHS = NO;
				CLANG_ANALYZER_NONNULL = YES;
				CLANG_ANALYZER_NUMBER_OBJECT_CONVERSION = YES_AGGRESSIVE;
				CLANG_CXX_LANGUAGE_STANDARD = "gnu++14";
				CLANG_CXX_LIBRARY = "libc++";
				CLANG_ENABLE_MODULES = YES;
				CLANG_ENABLE_OBJC_ARC = YES;
				CLANG_ENABLE_OBJC_WEAK = YES;
				CLANG_WARN_BLOCK_CAPTURE_AUTORELEASING = YES;
				CLANG_WARN_BOOL_CONVERSION = YES;
				CLANG_WARN_COMMA = YES;
				CLANG_WARN_CONSTANT_CONVERSION = YES;
				CLANG_WARN_DEPRECATED_OBJC_IMPLEMENTATIONS = YES;
				CLANG_WARN_DIRECT_OBJC_ISA_USAGE = YES_ERROR;
				CLANG_WARN_DOCUMENTATION_COMMENTS = YES;
				CLANG_WARN_EMPTY_BODY = YES;
				CLANG_WARN_ENUM_CONVERSION = YES;
				CLANG_WARN_INFINITE_RECURSION = YES;
				CLANG_WARN_INT_CONVERSION = YES;
				CLANG_WARN_NON_LITERAL_NULL_CONVERSION = YES;
				CLANG_WARN_OBJC_IMPLICIT_RETAIN_SELF = YES;
				CLANG_WARN_OBJC_LITERAL_CONVERSION = YES;
				CLANG_WARN_OBJC_ROOT_CLASS = YES_ERROR;
				CLANG_WARN_QUOTED_INCLUDE_IN_FRAMEWORK_HEADER = YES;
				CLANG_WARN_RANGE_LOOP_ANALYSIS = YES;
				CLANG_WARN_STRICT_PROTOTYPES = YES;
				CLANG_WARN_SUSPICIOUS_MOVE = YES;
				CLANG_WARN_UNGUARDED_AVAILABILITY = YES_AGGRESSIVE;
				CLANG_WARN_UNREACHABLE_CODE = YES;
				CLANG_WARN__DUPLICATE_METHOD_MATCH = YES;
				COPY_PHASE_STRIP = NO;
				DEBUG_INFORMATION_FORMAT = "dwarf-with-dsym";
				ENABLE_NS_ASSERTIONS = NO;
				ENABLE_STRICT_OBJC_MSGSEND = YES;
				GCC_C_LANGUAGE_STANDARD = gnu11;
				GCC_NO_COMMON_BLOCKS = YES;
				GCC_WARN_64_TO_32_BIT_CONVERSION = YES;
				GCC_WARN_ABOUT_RETURN_TYPE = YES_ERROR;
				GCC_WARN_UNDECLARED_SELECTOR = YES;
				GCC_WARN_UNINITIALIZED_AUTOS = YES_AGGRESSIVE;
				GCC_WARN_UNUSED_FUNCTION = YES;
				GCC_WARN_UNUSED_VARIABLE = YES;
				IPHONEOS_DEPLOYMENT_TARGET = 14.5;
				MTL_ENABLE_DEBUG_INFO = NO;
				MTL_FAST_MATH = YES;
				SDKROOT = iphoneos;
				SWIFT_COMPILATION_MODE = wholemodule;
				SWIFT_OPTIMIZATION_LEVEL = "-O";
				VALIDATE_PRODUCT = YES;
			};
			name = Release;
		};
		AAEED1E4266EBDF70066662E /* Debug */ = {
			isa = XCBuildConfiguration;
			buildSettings = {
				ASSETCATALOG_COMPILER_APPICON_NAME = AppIcon;
				ASSETCATALOG_COMPILER_GLOBAL_ACCENT_COLOR_NAME = AccentColor;
				CODE_SIGN_STYLE = Automatic;
				DEVELOPMENT_TEAM = 43CCZ475Z8;
				INFOPLIST_FILE = Andromeda/Info.plist;
				LD_RUNPATH_SEARCH_PATHS = (
					"$(inherited)",
					"@executable_path/Frameworks",
				);
				PRODUCT_BUNDLE_IDENTIFIER = com.github.markahenrich.Andromeda;
				PRODUCT_NAME = "$(TARGET_NAME)";
				SWIFT_VERSION = 5.0;
				TARGETED_DEVICE_FAMILY = 1;
			};
			name = Debug;
		};
		AAEED1E5266EBDF70066662E /* Release */ = {
			isa = XCBuildConfiguration;
			buildSettings = {
				ASSETCATALOG_COMPILER_APPICON_NAME = AppIcon;
				ASSETCATALOG_COMPILER_GLOBAL_ACCENT_COLOR_NAME = AccentColor;
				CODE_SIGN_STYLE = Automatic;
				DEVELOPMENT_TEAM = 43CCZ475Z8;
				INFOPLIST_FILE = Andromeda/Info.plist;
				LD_RUNPATH_SEARCH_PATHS = (
					"$(inherited)",
					"@executable_path/Frameworks",
				);
				PRODUCT_BUNDLE_IDENTIFIER = com.github.markahenrich.Andromeda;
				PRODUCT_NAME = "$(TARGET_NAME)";
				SWIFT_VERSION = 5.0;
				TARGETED_DEVICE_FAMILY = 1;
			};
			name = Release;
		};
/* End XCBuildConfiguration section */

/* Begin XCConfigurationList section */
		AAEED1CA266EBDF60066662E /* Build configuration list for PBXProject "Andromeda" */ = {
			isa = XCConfigurationList;
			buildConfigurations = (
				AAEED1E1266EBDF70066662E /* Debug */,
				AAEED1E2266EBDF70066662E /* Release */,
			);
			defaultConfigurationIsVisible = 0;
			defaultConfigurationName = Release;
		};
		AAEED1E3266EBDF70066662E /* Build configuration list for PBXNativeTarget "Andromeda" */ = {
			isa = XCConfigurationList;
			buildConfigurations = (
				AAEED1E4266EBDF70066662E /* Debug */,
				AAEED1E5266EBDF70066662E /* Release */,
			);
			defaultConfigurationIsVisible = 0;
			defaultConfigurationName = Release;
		};
/* End XCConfigurationList section */
	};
	rootObject = AAEED1C7266EBDF60066662E /* Project object */;
}
